github.com/prr123/utility v0.0.0-20231118162304-2ae693d53e09 h1:V+DMrvr3hNflB3aNFa0837OglecucZLbNiy3fEeFJBE=
github.com/prr123/utility v0.0.0-20231118162304-2ae693d53e09/go.mod h1:dJlEcbehgFOUuQ6D0iV9F7GnFxE3sjyss8uqgwQWqDI=
github.com/tdewolff/parse/v2 v2.7.19 h1:7Ljh26yj+gdLFEq/7q9LT4SYyKtwQX4ocNrj45UCePg=
github.com/tdewolff/parse/v2 v2.7.19/go.mod h1:3FbJWZp3XT9OWVN3Hmfp0p/a08v4h8J9W1aghka0soA=
github.com/tdewolff/test v1.0.11-0.20231101010635-f1265d231d52 h1:gAQliwn+zJrkjAHVcBEYW/RFvd2St4yYimisvozAYlA=
github.com/tdewolff/test v1.0.11-0.20231101010635-f1265d231d52/go.mod h1:6DAvZliBAAnD7rhVgwaM7DE5/d9NMOAJ09SqYqeK4QE=
